// !$*UTF8*$!
{
	archiveVersion = 1;
	classes = {
	};
	objectVersion = 46;
	objects = {

/* Begin PBXBuildFile section */
		591CBDC51EE18DCF000C03D1 /* PictureViewController.swift in Sources */ = {isa = PBXBuildFile; fileRef = 591CBDC41EE18DCF000C03D1 /* PictureViewController.swift */; };
		59A09F1E1EF16E9A00A2FA47 /* SelectRecipientViewController.swift in Sources */ = {isa = PBXBuildFile; fileRef = 59A09F1D1EF16E9A00A2FA47 /* SelectRecipientViewController.swift */; };
		59AD78581EE06C93009D0BA4 /* SnapsViewController.swift in Sources */ = {isa = PBXBuildFile; fileRef = 59AD78571EE06C93009D0BA4 /* SnapsViewController.swift */; };
		59B291011EDF092700858271 /* AppDelegate.swift in Sources */ = {isa = PBXBuildFile; fileRef = 59B291001EDF092700858271 /* AppDelegate.swift */; };
		59B291031EDF092700858271 /* SignInViewController.swift in Sources */ = {isa = PBXBuildFile; fileRef = 59B291021EDF092700858271 /* SignInViewController.swift */; };
		59B291061EDF092700858271 /* Main.storyboard in Resources */ = {isa = PBXBuildFile; fileRef = 59B291041EDF092700858271 /* Main.storyboard */; };
		59B291081EDF092800858271 /* Assets.xcassets in Resources */ = {isa = PBXBuildFile; fileRef = 59B291071EDF092800858271 /* Assets.xcassets */; };
		59B2910B1EDF092800858271 /* LaunchScreen.storyboard in Resources */ = {isa = PBXBuildFile; fileRef = 59B291091EDF092800858271 /* LaunchScreen.storyboard */; };
		59B291131EDF0F3500858271 /* GoogleService-Info.plist in Resources */ = {isa = PBXBuildFile; fileRef = 59B291121EDF0F3500858271 /* GoogleService-Info.plist */; };
		AF967CD759DF7F49F814DDBA /* Pods_Snappy.framework in Frameworks */ = {isa = PBXBuildFile; fileRef = DD201906D08FE3068B0C1760 /* Pods_Snappy.framework */; };
/* End PBXBuildFile section */

/* Begin PBXFileReference section */
		591CBDC41EE18DCF000C03D1 /* PictureViewController.swift */ = {isa = PBXFileReference; fileEncoding = 4; lastKnownFileType = sourcecode.swift; path = PictureViewController.swift; sourceTree = "<group>"; };
		59A09F1D1EF16E9A00A2FA47 /* SelectRecipientViewController.swift */ = {isa = PBXFileReference; fileEncoding = 4; lastKnownFileType = sourcecode.swift; path = SelectRecipientViewController.swift; sourceTree = "<group>"; };
		59AD78571EE06C93009D0BA4 /* SnapsViewController.swift */ = {isa = PBXFileReference; fileEncoding = 4; lastKnownFileType = sourcecode.swift; path = SnapsViewController.swift; sourceTree = "<group>"; };
		59B290FD1EDF092700858271 /* Snappy.app */ = {isa = PBXFileReference; explicitFileType = wrapper.application; includeInIndex = 0; path = Snappy.app; sourceTree = BUILT_PRODUCTS_DIR; };
		59B291001EDF092700858271 /* AppDelegate.swift */ = {isa = PBXFileReference; lastKnownFileType = sourcecode.swift; path = AppDelegate.swift; sourceTree = "<group>"; };
		59B291021EDF092700858271 /* SignInViewController.swift */ = {isa = PBXFileReference; lastKnownFileType = sourcecode.swift; path = SignInViewController.swift; sourceTree = "<group>"; };
		59B291051EDF092700858271 /* Base */ = {isa = PBXFileReference; lastKnownFileType = file.storyboard; name = Base; path = Base.lproj/Main.storyboard; sourceTree = "<group>"; };
		59B291071EDF092800858271 /* Assets.xcassets */ = {isa = PBXFileReference; lastKnownFileType = folder.assetcatalog; path = Assets.xcassets; sourceTree = "<group>"; };
		59B2910A1EDF092800858271 /* Base */ = {isa = PBXFileReference; lastKnownFileType = file.storyboard; name = Base; path = Base.lproj/LaunchScreen.storyboard; sourceTree = "<group>"; };
		59B2910C1EDF092800858271 /* Info.plist */ = {isa = PBXFileReference; lastKnownFileType = text.plist.xml; path = Info.plist; sourceTree = "<group>"; };
		59B291121EDF0F3500858271 /* GoogleService-Info.plist */ = {isa = PBXFileReference; fileEncoding = 4; lastKnownFileType = text.plist.xml; path = "GoogleService-Info.plist"; sourceTree = "<group>"; };
		92B3EF5E319FF4F4AE567311 /* Pods-Snappy.debug.xcconfig */ = {isa = PBXFileReference; includeInIndex = 1; lastKnownFileType = text.xcconfig; name = "Pods-Snappy.debug.xcconfig"; path = "Pods/Target Support Files/Pods-Snappy/Pods-Snappy.debug.xcconfig"; sourceTree = "<group>"; };
		9C91905F80BA68CE5FFECC0C /* Pods-Snappy.release.xcconfig */ = {isa = PBXFileReference; includeInIndex = 1; lastKnownFileType = text.xcconfig; name = "Pods-Snappy.release.xcconfig"; path = "Pods/Target Support Files/Pods-Snappy/Pods-Snappy.release.xcconfig"; sourceTree = "<group>"; };
		DD201906D08FE3068B0C1760 /* Pods_Snappy.framework */ = {isa = PBXFileReference; explicitFileType = wrapper.framework; includeInIndex = 0; path = Pods_Snappy.framework; sourceTree = BUILT_PRODUCTS_DIR; };
/* End PBXFileReference section */

/* Begin PBXFrameworksBuildPhase section */
		59B290FA1EDF092700858271 /* Frameworks */ = {
			isa = PBXFrameworksBuildPhase;
			buildActionMask = 2147483647;
			files = (
				AF967CD759DF7F49F814DDBA /* Pods_Snappy.framework in Frameworks */,
			);
			runOnlyForDeploymentPostprocessing = 0;
		};
/* End PBXFrameworksBuildPhase section */

/* Begin PBXGroup section */
		59B290F41EDF092600858271 = {
			isa = PBXGroup;
			children = (
				59B290FF1EDF092700858271 /* Snappy */,
				59B290FE1EDF092700858271 /* Products */,
				A4238C28DC2211E3BC4C5C99 /* Pods */,
				D09F64EBC014FDA0008CAB2B /* Frameworks */,
			);
			sourceTree = "<group>";
		};
		59B290FE1EDF092700858271 /* Products */ = {
			isa = PBXGroup;
			children = (
				59B290FD1EDF092700858271 /* Snappy.app */,
			);
			name = Products;
			sourceTree = "<group>";
		};
		59B290FF1EDF092700858271 /* Snappy */ = {
			isa = PBXGroup;
			children = (
				59B291001EDF092700858271 /* AppDelegate.swift */,
				59B291021EDF092700858271 /* SignInViewController.swift */,
				59B291041EDF092700858271 /* Main.storyboard */,
				59A09F1D1EF16E9A00A2FA47 /* SelectRecipientViewController.swift */,
				591CBDC41EE18DCF000C03D1 /* PictureViewController.swift */,
				59AD78571EE06C93009D0BA4 /* SnapsViewController.swift */,
				59B291071EDF092800858271 /* Assets.xcassets */,
				59B291091EDF092800858271 /* LaunchScreen.storyboard */,
				59B2910C1EDF092800858271 /* Info.plist */,
				59B291121EDF0F3500858271 /* GoogleService-Info.plist */,
			);
			path = Snappy;
			sourceTree = "<group>";
		};
		A4238C28DC2211E3BC4C5C99 /* Pods */ = {
			isa = PBXGroup;
			children = (
				92B3EF5E319FF4F4AE567311 /* Pods-Snappy.debug.xcconfig */,
				9C91905F80BA68CE5FFECC0C /* Pods-Snappy.release.xcconfig */,
			);
			name = Pods;
			sourceTree = "<group>";
		};
		D09F64EBC014FDA0008CAB2B /* Frameworks */ = {
			isa = PBXGroup;
			children = (
				DD201906D08FE3068B0C1760 /* Pods_Snappy.framework */,
			);
			name = Frameworks;
			sourceTree = "<group>";
		};
/* End PBXGroup section */

/* Begin PBXNativeTarget section */
		59B290FC1EDF092700858271 /* Snappy */ = {
			isa = PBXNativeTarget;
			buildConfigurationList = 59B2910F1EDF092800858271 /* Build configuration list for PBXNativeTarget "Snappy" */;
			buildPhases = (
				A94CA54DCA04E8ECB6F4BDAD /* [CP] Check Pods Manifest.lock */,
				59B290F91EDF092700858271 /* Sources */,
				59B290FA1EDF092700858271 /* Frameworks */,
				59B290FB1EDF092700858271 /* Resources */,
				15BB1F4AD415FA71CBDEEBFD /* [CP] Embed Pods Frameworks */,
				CA1D7A1B49D098B37894F047 /* [CP] Copy Pods Resources */,
			);
			buildRules = (
			);
			dependencies = (
			);
			name = Snappy;
			productName = Snappy;
			productReference = 59B290FD1EDF092700858271 /* Snappy.app */;
			productType = "com.apple.product-type.application";
		};
/* End PBXNativeTarget section */

/* Begin PBXProject section */
		59B290F51EDF092700858271 /* Project object */ = {
			isa = PBXProject;
			attributes = {
				LastSwiftUpdateCheck = 0830;
				LastUpgradeCheck = 0830;
				ORGANIZATIONNAME = Zed;
				TargetAttributes = {
					59B290FC1EDF092700858271 = {
						CreatedOnToolsVersion = 8.3.1;
						DevelopmentTeam = 5KDB6SE87S;
						ProvisioningStyle = Automatic;
					};
				};
			};
			buildConfigurationList = 59B290F81EDF092700858271 /* Build configuration list for PBXProject "Snappy" */;
			compatibilityVersion = "Xcode 3.2";
			developmentRegion = English;
			hasScannedForEncodings = 0;
			knownRegions = (
				en,
				Base,
			);
			mainGroup = 59B290F41EDF092600858271;
			productRefGroup = 59B290FE1EDF092700858271 /* Products */;
			projectDirPath = "";
			projectRoot = "";
			targets = (
				59B290FC1EDF092700858271 /* Snappy */,
			);
		};
/* End PBXProject section */

/* Begin PBXResourcesBuildPhase section */
		59B290FB1EDF092700858271 /* Resources */ = {
			isa = PBXResourcesBuildPhase;
			buildActionMask = 2147483647;
			files = (
				59B2910B1EDF092800858271 /* LaunchScreen.storyboard in Resources */,
				59B291131EDF0F3500858271 /* GoogleService-Info.plist in Resources */,
				59B291081EDF092800858271 /* Assets.xcassets in Resources */,
				59B291061EDF092700858271 /* Main.storyboard in Resources */,
			);
			runOnlyForDeploymentPostprocessing = 0;
		};
/* End PBXResourcesBuildPhase section */

/* Begin PBXShellScriptBuildPhase section */
		15BB1F4AD415FA71CBDEEBFD /* [CP] Embed Pods Frameworks */ = {
			isa = PBXShellScriptBuildPhase;
			buildActionMask = 2147483647;
			files = (
			);
			inputPaths = (
			);
			name = "[CP] Embed Pods Frameworks";
			outputPaths = (
			);
			runOnlyForDeploymentPostprocessing = 0;
			shellPath = /bin/sh;
			shellScript = "\"${SRCROOT}/Pods/Target Support Files/Pods-Snappy/Pods-Snappy-frameworks.sh\"\n";
			showEnvVarsInLog = 0;
		};
		A94CA54DCA04E8ECB6F4BDAD /* [CP] Check Pods Manifest.lock */ = {
			isa = PBXShellScriptBuildPhase;
			buildActionMask = 2147483647;
			files = (
			);
			inputPaths = (
			);
			name = "[CP] Check Pods Manifest.lock";
			outputPaths = (
			);
			runOnlyForDeploymentPostprocessing = 0;
			shellPath = /bin/sh;
			shellScript = "diff \"${PODS_PODFILE_DIR_PATH}/Podfile.lock\" \"${PODS_ROOT}/Manifest.lock\" > /dev/null\nif [ $? != 0 ] ; then\n    # print error to STDERR\n    echo \"error: The sandbox is not in sync with the Podfile.lock. Run 'pod install' or update your CocoaPods installation.\" >&2\n    exit 1\nfi\n";
			showEnvVarsInLog = 0;
		};
		CA1D7A1B49D098B37894F047 /* [CP] Copy Pods Resources */ = {
			isa = PBXShellScriptBuildPhase;
			buildActionMask = 2147483647;
			files = (
			);
			inputPaths = (
			);
			name = "[CP] Copy Pods Resources";
			outputPaths = (
			);
			runOnlyForDeploymentPostprocessing = 0;
			shellPath = /bin/sh;
			shellScript = "\"${SRCROOT}/Pods/Target Support Files/Pods-Snappy/Pods-Snappy-resources.sh\"\n";
			showEnvVarsInLog = 0;
		};
/* End PBXShellScriptBuildPhase section */

/* Begin PBXSourcesBuildPhase section */
		59B290F91EDF092700858271 /* Sources */ = {
			isa = PBXSourcesBuildPhase;
			buildActionMask = 2147483647;
			files = (
				59A09F1E1EF16E9A00A2FA47 /* SelectRecipientViewController.swift in Sources */,
				59B291031EDF092700858271 /* SignInViewController.swift in Sources */,
				591CBDC51EE18DCF000C03D1 /* PictureViewController.swift in Sources */,
				59B291011EDF092700858271 /* AppDelegate.swift in Sources */,
				59AD78581EE06C93009D0BA4 /* SnapsViewController.swift in Sources */,
			);
			runOnlyForDeploymentPostprocessing = 0;
		};
/* End PBXSourcesBuildPhase section */

/* Begin PBXVariantGroup section */
		59B291041EDF092700858271 /* Main.storyboard */ = {
			isa = PBXVariantGroup;
			children = (
				59B291051EDF092700858271 /* Base */,
			);
			name = Main.storyboard;
			sourceTree = "<group>";
		};
		59B291091EDF092800858271 /* LaunchScreen.storyboard */ = {
			isa = PBXVariantGroup;
			children = (
				59B2910A1EDF092800858271 /* Base */,
			);
			name = LaunchScreen.storyboard;
			sourceTree = "<group>";
		};
/* End PBXVariantGroup section */

/* Begin XCBuildConfiguration section */
		59B2910D1EDF092800858271 /* Debug */ = {
			isa = XCBuildConfiguration;
			buildSettings = {
				ALWAYS_SEARCH_USER_PATHS = NO;
				CLANG_ANALYZER_NONNULL = YES;
				CLANG_ANALYZER_NUMBER_OBJECT_CONVERSION = YES_AGGRESSIVE;
				CLANG_CXX_LANGUAGE_STANDARD = "gnu++0x";
				CLANG_CXX_LIBRARY = "libc++";
				CLANG_ENABLE_MODULES = YES;
				CLANG_ENABLE_OBJC_ARC = YES;
				CLANG_WARN_BOOL_CONVERSION = YES;
				CLANG_WARN_CONSTANT_CONVERSION = YES;
				CLANG_WARN_DIRECT_OBJC_ISA_USAGE = YES_ERROR;
				CLANG_WARN_DOCUMENTATION_COMMENTS = YES;
				CLANG_WARN_EMPTY_BODY = YES;
				CLANG_WARN_ENUM_CONVERSION = YES;
				CLANG_WARN_INFINITE_RECURSION = YES;
				CLANG_WARN_INT_CONVERSION = YES;
				CLANG_WARN_OBJC_ROOT_CLASS = YES_ERROR;
				CLANG_WARN_SUSPICIOUS_MOVE = YES;
				CLANG_WARN_UNREACHABLE_CODE = YES;
				CLANG_WARN__DUPLICATE_METHOD_MATCH = YES;
				"CODE_SIGN_IDENTITY[sdk=iphoneos*]" = "iPhone Developer";
				COPY_PHASE_STRIP = NO;
				DEBUG_INFORMATION_FORMAT = dwarf;
				ENABLE_STRICT_OBJC_MSGSEND = YES;
				ENABLE_TESTABILITY = YES;
				GCC_C_LANGUAGE_STANDARD = gnu99;
				GCC_DYNAMIC_NO_PIC = NO;
				GCC_NO_COMMON_BLOCKS = YES;
				GCC_OPTIMIZATION_LEVEL = 0;
				GCC_PREPROCESSOR_DEFINITIONS = (
					"DEBUG=1",
					"$(inherited)",
				);
				GCC_WARN_64_TO_32_BIT_CONVERSION = YES;
				GCC_WARN_ABOUT_RETURN_TYPE = YES_ERROR;
				GCC_WARN_UNDECLARED_SELECTOR = YES;
				GCC_WARN_UNINITIALIZED_AUTOS = YES_AGGRESSIVE;
				GCC_WARN_UNUSED_FUNCTION = YES;
				GCC_WARN_UNUSED_VARIABLE = YES;
				IPHONEOS_DEPLOYMENT_TARGET = 10.3;
				MTL_ENABLE_DEBUG_INFO = YES;
				ONLY_ACTIVE_ARCH = YES;
				SDKROOT = iphoneos;
				SWIFT_ACTIVE_COMPILATION_CONDITIONS = DEBUG;
				SWIFT_OPTIMIZATION_LEVEL = "-Onone";
			};
			name = Debug;
		};
		59B2910E1EDF092800858271 /* Release */ = {
			isa = XCBuildConfiguration;
			buildSettings = {
				ALWAYS_SEARCH_USER_PATHS = NO;
				CLANG_ANALYZER_NONNULL = YES;
				CLANG_ANALYZER_NUMBER_OBJECT_CONVERSION = YES_AGGRESSIVE;
				CLANG_CXX_LANGUAGE_STANDARD = "gnu++0x";
				CLANG_CXX_LIBRARY = "libc++";
				CLANG_ENABLE_MODULES = YES;
				CLANG_ENABLE_OBJC_ARC = YES;
				CLANG_WARN_BOOL_CONVERSION = YES;
				CLANG_WARN_CONSTANT_CONVERSION = YES;
				CLANG_WARN_DIRECT_OBJC_ISA_USAGE = YES_ERROR;
				CLANG_WARN_DOCUMENTATION_COMMENTS = YES;
				CLANG_WARN_EMPTY_BODY = YES;
				CLANG_WARN_ENUM_CONVERSION = YES;
				CLANG_WARN_INFINITE_RECURSION = YES;
				CLANG_WARN_INT_CONVERSION = YES;
				CLANG_WARN_OBJC_ROOT_CLASS = YES_ERROR;
				CLANG_WARN_SUSPICIOUS_MOVE = YES;
				CLANG_WARN_UNREACHABLE_CODE = YES;
				CLANG_WARN__DUPLICATE_METHOD_MATCH = YES;
				"CODE_SIGN_IDENTITY[sdk=iphoneos*]" = "iPhone Developer";
				COPY_PHASE_STRIP = NO;
				DEBUG_INFORMATION_FORMAT = "dwarf-with-dsym";
				ENABLE_NS_ASSERTIONS = NO;
				ENABLE_STRICT_OBJC_MSGSEND = YES;
				GCC_C_LANGUAGE_STANDARD = gnu99;
				GCC_NO_COMMON_BLOCKS = YES;
				GCC_WARN_64_TO_32_BIT_CONVERSION = YES;
				GCC_WARN_ABOUT_RETURN_TYPE = YES_ERROR;
				GCC_WARN_UNDECLARED_SELECTOR = YES;
				GCC_WARN_UNINITIALIZED_AUTOS = YES_AGGRESSIVE;
				GCC_WARN_UNUSED_FUNCTION = YES;
				GCC_WARN_UNUSED_VARIABLE = YES;
				IPHONEOS_DEPLOYMENT_TARGET = 10.3;
				MTL_ENABLE_DEBUG_INFO = NO;
				SDKROOT = iphoneos;
				SWIFT_OPTIMIZATION_LEVEL = "-Owholemodule";
				VALIDATE_PRODUCT = YES;
			};
			name = Release;
		};
		59B291101EDF092800858271 /* Debug */ = {
			isa = XCBuildConfiguration;
			baseConfigurationReference = 92B3EF5E319FF4F4AE567311 /* Pods-Snappy.debug.xcconfig */;
			buildSettings = {
				ASSETCATALOG_COMPILER_APPICON_NAME = AppIcon;
				DEVELOPMENT_TEAM = 5KDB6SE87S;
				INFOPLIST_FILE = Snappy/Info.plist;
				LD_RUNPATH_SEARCH_PATHS = "$(inherited) @executable_path/Frameworks";
				PRODUCT_BUNDLE_IDENTIFIER = com.Zed.Snappy;
				PRODUCT_NAME = "$(TARGET_NAME)";
				SWIFT_VERSION = 3.0;
			};
			name = Debug;
		};
		59B291111EDF092800858271 /* Release */ = {
			isa = XCBuildConfiguration;
			baseConfigurationReference = 9C91905F80BA68CE5FFECC0C /* Pods-Snappy.release.xcconfig */;
			buildSettings = {
				ASSETCATALOG_COMPILER_APPICON_NAME = AppIcon;
				DEVELOPMENT_TEAM = 5KDB6SE87S;
				INFOPLIST_FILE = Snappy/Info.plist;
				LD_RUNPATH_SEARCH_PATHS = "$(inherited) @executable_path/Frameworks";
				PRODUCT_BUNDLE_IDENTIFIER = com.Zed.Snappy;
				PRODUCT_NAME = "$(TARGET_NAME)";
				SWIFT_VERSION = 3.0;
			};
			name = Release;
		};
/* End XCBuildConfiguration section */

/* Begin XCConfigurationList section */
		59B290F81EDF092700858271 /* Build configuration list for PBXProject "Snappy" */ = {
			isa = XCConfigurationList;
			buildConfigurations = (
				59B2910D1EDF092800858271 /* Debug */,
				59B2910E1EDF092800858271 /* Release */,
			);
			defaultConfigurationIsVisible = 0;
			defaultConfigurationName = Release;
		};
		59B2910F1EDF092800858271 /* Build configuration list for PBXNativeTarget "Snappy" */ = {
			isa = XCConfigurationList;
			buildConfigurations = (
				59B291101EDF092800858271 /* Debug */,
				59B291111EDF092800858271 /* Release */,
			);
			defaultConfigurationIsVisible = 0;
			defaultConfigurationName = Release;
		};
/* End XCConfigurationList section */
	};
	rootObject = 59B290F51EDF092700858271 /* Project object */;
}
